
Microsoft Visual Studio Solution File, Format Version 12.00
# Visual Studio Version 16
VisualStudioVersion = 16.0.31019.35
MinimumVisualStudioVersion = 10.0.40219.1
Project("{FAE04EC0-301F-11D3-BF4B-00C04F79EFBC}") = "HF1", "HF1\HF1.csproj", "{3B4E962A-39B5-41A1-B8C6-326A8EEDE299}"
EndProject
Global
	GlobalSection(SolutionConfigurationPlatforms) = preSolution
		Debug|Any CPU = Debug|Any CPU
		Release|Any CPU = Release|Any CPU
	EndGlobalSection
	GlobalSection(ProjectConfigurationPlatforms) = postSolution
		{3B4E962A-39B5-41A1-B8C6-326A8EEDE299}.Debug|Any CPU.ActiveCfg = Debug|Any CPU
		{3B4E962A-39B5-41A1-B8C6-326A8EEDE299}.Debug|Any CPU.Build.0 = Debug|Any CPU
		{3B4E962A-39B5-41A1-B8C6-326A8EEDE299}.Release|Any CPU.ActiveCfg = Release|Any CPU
		{3B4E962A-39B5-41A1-B8C6-326A8EEDE299}.Release|Any CPU.Build.0 = Release|Any CPU
	EndGlobalSection
	GlobalSection(SolutionProperties) = preSolution
		HideSolutionNode = FALSE
	EndGlobalSection
	GlobalSection(ExtensibilityGlobals) = postSolution
		SolutionGuid = {0789A9AB-E859-4AA0-8001-9383BF8AD605}
	EndGlobalSection
EndGlobal
